
Microsoft Visual Studio Solution File, Format Version 12.00
# Visual Studio 15
VisualStudioVersion = 15.0.28010.2046
MinimumVisualStudioVersion = 10.0.40219.1
Project("{D2ABAB84-BF74-430A-B69E-9DC6D40DDA17}") = "ExpertFirstCube", "ExpertFirstCube\ExpertFirstCube.dwproj", "{C6551390-E3B2-4690-BCAF-C79ED9BF7E0F}"
EndProject
Global
	GlobalSection(SolutionConfigurationPlatforms) = preSolution
		Development|Default = Development|Default
	EndGlobalSection
	GlobalSection(ProjectConfigurationPlatforms) = postSolution
		{C6551390-E3B2-4690-BCAF-C79ED9BF7E0F}.Development|Default.ActiveCfg = Development
		{C6551390-E3B2-4690-BCAF-C79ED9BF7E0F}.Development|Default.Build.0 = Development
		{C6551390-E3B2-4690-BCAF-C79ED9BF7E0F}.Development|Default.Deploy.0 = Development
	EndGlobalSection
	GlobalSection(SolutionProperties) = preSolution
		HideSolutionNode = FALSE
	EndGlobalSection
	GlobalSection(ExtensibilityGlobals) = postSolution
		SolutionGuid = {A3949064-445D-42D9-AC52-EEC07B98C143}
	EndGlobalSection
EndGlobal
